
Microsoft Visual Studio Solution File, Format Version 12.00
# Visual Studio Version 16
VisualStudioVersion = 16.0.31129.286
MinimumVisualStudioVersion = 10.0.40219.1
Project("{9A19103F-16F7-4668-BE54-9A1E7A4F7556}") = "ConsoleInterface", "ConsoleInterface\ConsoleInterface.csproj", "{4A7B1B52-A0C9-4EE4-A470-3488D1761F08}"
EndProject
Project("{FAE04EC0-301F-11D3-BF4B-00C04F79EFBC}") = "ClassLibrary", "ClassLibrary\ClassLibrary.csproj", "{EF11F6CE-E1B9-43A3-8589-256262550EE3}"
EndProject
Global
	GlobalSection(SolutionConfigurationPlatforms) = preSolution
		Debug|Any CPU = Debug|Any CPU
		Release|Any CPU = Release|Any CPU
	EndGlobalSection
	GlobalSection(ProjectConfigurationPlatforms) = postSolution
		{4A7B1B52-A0C9-4EE4-A470-3488D1761F08}.Debug|Any CPU.ActiveCfg = Debug|Any CPU
		{4A7B1B52-A0C9-4EE4-A470-3488D1761F08}.Debug|Any CPU.Build.0 = Debug|Any CPU
		{4A7B1B52-A0C9-4EE4-A470-3488D1761F08}.Release|Any CPU.ActiveCfg = Release|Any CPU
		{4A7B1B52-A0C9-4EE4-A470-3488D1761F08}.Release|Any CPU.Build.0 = Release|Any CPU
		{EF11F6CE-E1B9-43A3-8589-256262550EE3}.Debug|Any CPU.ActiveCfg = Debug|Any CPU
		{EF11F6CE-E1B9-43A3-8589-256262550EE3}.Debug|Any CPU.Build.0 = Debug|Any CPU
		{EF11F6CE-E1B9-43A3-8589-256262550EE3}.Release|Any CPU.ActiveCfg = Release|Any CPU
		{EF11F6CE-E1B9-43A3-8589-256262550EE3}.Release|Any CPU.Build.0 = Release|Any CPU
	EndGlobalSection
	GlobalSection(SolutionProperties) = preSolution
		HideSolutionNode = FALSE
	EndGlobalSection
	GlobalSection(ExtensibilityGlobals) = postSolution
		SolutionGuid = {1E156141-E8EE-49F4-BB61-837DB06321BC}
	EndGlobalSection
EndGlobal
