
Microsoft Visual Studio Solution File, Format Version 12.00
# Visual Studio Version 16
VisualStudioVersion = 16.0.31005.135
MinimumVisualStudioVersion = 10.0.40219.1
Project("{FAE04EC0-301F-11D3-BF4B-00C04F79EFBC}") = "lab1Part2", "lab1Part2.csproj", "{1931DCC9-8F85-4FE9-9D33-9A71878FCE92}"
EndProject
Global
	GlobalSection(SolutionConfigurationPlatforms) = preSolution
		Debug|Any CPU = Debug|Any CPU
		Release|Any CPU = Release|Any CPU
	EndGlobalSection
	GlobalSection(ProjectConfigurationPlatforms) = postSolution
		{1931DCC9-8F85-4FE9-9D33-9A71878FCE92}.Debug|Any CPU.ActiveCfg = Debug|Any CPU
		{1931DCC9-8F85-4FE9-9D33-9A71878FCE92}.Debug|Any CPU.Build.0 = Debug|Any CPU
		{1931DCC9-8F85-4FE9-9D33-9A71878FCE92}.Release|Any CPU.ActiveCfg = Release|Any CPU
		{1931DCC9-8F85-4FE9-9D33-9A71878FCE92}.Release|Any CPU.Build.0 = Release|Any CPU
	EndGlobalSection
	GlobalSection(SolutionProperties) = preSolution
		HideSolutionNode = FALSE
	EndGlobalSection
	GlobalSection(ExtensibilityGlobals) = postSolution
		SolutionGuid = {E01524F2-4DF1-44D2-A21A-38E1CDD743D9}
	EndGlobalSection
EndGlobal
