
Microsoft Visual Studio Solution File, Format Version 12.00
# Visual Studio Version 16
VisualStudioVersion = 16.0.31129.286
MinimumVisualStudioVersion = 10.0.40219.1
Project("{FAE04EC0-301F-11D3-BF4B-00C04F79EFBC}") = "Task1", "Task1\Task1.csproj", "{C3100C6A-7189-459B-B7DD-FB31CD55C7D3}"
EndProject
Project("{FAE04EC0-301F-11D3-BF4B-00C04F79EFBC}") = "Task2", "Task2\Task2.csproj", "{019303CD-3CCA-4208-B75B-74B0DBDBFFF5}"
EndProject
Project("{FAE04EC0-301F-11D3-BF4B-00C04F79EFBC}") = "Task3", "Task3\Task3.csproj", "{99391C5C-5DD5-4E53-9AE5-3B93C3211DC2}"
EndProject
Global
	GlobalSection(SolutionConfigurationPlatforms) = preSolution
		Debug|Any CPU = Debug|Any CPU
		Release|Any CPU = Release|Any CPU
	EndGlobalSection
	GlobalSection(ProjectConfigurationPlatforms) = postSolution
		{C3100C6A-7189-459B-B7DD-FB31CD55C7D3}.Debug|Any CPU.ActiveCfg = Debug|Any CPU
		{C3100C6A-7189-459B-B7DD-FB31CD55C7D3}.Debug|Any CPU.Build.0 = Debug|Any CPU
		{C3100C6A-7189-459B-B7DD-FB31CD55C7D3}.Release|Any CPU.ActiveCfg = Release|Any CPU
		{C3100C6A-7189-459B-B7DD-FB31CD55C7D3}.Release|Any CPU.Build.0 = Release|Any CPU
		{019303CD-3CCA-4208-B75B-74B0DBDBFFF5}.Debug|Any CPU.ActiveCfg = Debug|Any CPU
		{019303CD-3CCA-4208-B75B-74B0DBDBFFF5}.Debug|Any CPU.Build.0 = Debug|Any CPU
		{019303CD-3CCA-4208-B75B-74B0DBDBFFF5}.Release|Any CPU.ActiveCfg = Release|Any CPU
		{019303CD-3CCA-4208-B75B-74B0DBDBFFF5}.Release|Any CPU.Build.0 = Release|Any CPU
		{99391C5C-5DD5-4E53-9AE5-3B93C3211DC2}.Debug|Any CPU.ActiveCfg = Debug|Any CPU
		{99391C5C-5DD5-4E53-9AE5-3B93C3211DC2}.Debug|Any CPU.Build.0 = Debug|Any CPU
		{99391C5C-5DD5-4E53-9AE5-3B93C3211DC2}.Release|Any CPU.ActiveCfg = Release|Any CPU
		{99391C5C-5DD5-4E53-9AE5-3B93C3211DC2}.Release|Any CPU.Build.0 = Release|Any CPU
	EndGlobalSection
	GlobalSection(SolutionProperties) = preSolution
		HideSolutionNode = FALSE
	EndGlobalSection
	GlobalSection(ExtensibilityGlobals) = postSolution
		SolutionGuid = {6B861291-3571-4819-A161-73606D97EC43}
	EndGlobalSection
EndGlobal
